
Microsoft Visual Studio Solution File, Format Version 12.00
# Visual Studio Version 17
VisualStudioVersion = 17.1.32421.90
MinimumVisualStudioVersion = 10.0.40219.1
Project("{8BC9CEB8-8B4A-11D0-8D11-00A0C91BC942}") = "自定义数据类型 - 结构体（2）", "自定义数据类型 - 结构体（2）\自定义数据类型 - 结构体（2）.vcxproj", "{CB81088C-2000-4C7A-BCD6-BA8A78766026}"
EndProject
Global
	GlobalSection(SolutionConfigurationPlatforms) = preSolution
		Debug|x64 = Debug|x64
		Debug|x86 = Debug|x86
		Release|x64 = Release|x64
		Release|x86 = Release|x86
	EndGlobalSection
	GlobalSection(ProjectConfigurationPlatforms) = postSolution
		{CB81088C-2000-4C7A-BCD6-BA8A78766026}.Debug|x64.ActiveCfg = Debug|x64
		{CB81088C-2000-4C7A-BCD6-BA8A78766026}.Debug|x64.Build.0 = Debug|x64
		{CB81088C-2000-4C7A-BCD6-BA8A78766026}.Debug|x86.ActiveCfg = Debug|Win32
		{CB81088C-2000-4C7A-BCD6-BA8A78766026}.Debug|x86.Build.0 = Debug|Win32
		{CB81088C-2000-4C7A-BCD6-BA8A78766026}.Release|x64.ActiveCfg = Release|x64
		{CB81088C-2000-4C7A-BCD6-BA8A78766026}.Release|x64.Build.0 = Release|x64
		{CB81088C-2000-4C7A-BCD6-BA8A78766026}.Release|x86.ActiveCfg = Release|Win32
		{CB81088C-2000-4C7A-BCD6-BA8A78766026}.Release|x86.Build.0 = Release|Win32
	EndGlobalSection
	GlobalSection(SolutionProperties) = preSolution
		HideSolutionNode = FALSE
	EndGlobalSection
	GlobalSection(ExtensibilityGlobals) = postSolution
		SolutionGuid = {965CD69E-ED86-4218-A991-3EF3C2969B70}
	EndGlobalSection
EndGlobal
